
Microsoft Visual Studio Solution File, Format Version 12.00
# Visual Studio Version 16
VisualStudioVersion = 16.0.29503.13
MinimumVisualStudioVersion = 10.0.40219.1
Project("{9A19103F-16F7-4668-BE54-9A1E7A4F7556}") = "IoTHerhaling", "IoTHerhaling.csproj", "{595DE836-4CBD-4B20-AA80-FBB6895C39C6}"
EndProject
Global
	GlobalSection(SolutionConfigurationPlatforms) = preSolution
		Debug|Any CPU = Debug|Any CPU
		Release|Any CPU = Release|Any CPU
	EndGlobalSection
	GlobalSection(ProjectConfigurationPlatforms) = postSolution
		{595DE836-4CBD-4B20-AA80-FBB6895C39C6}.Debug|Any CPU.ActiveCfg = Debug|Any CPU
		{595DE836-4CBD-4B20-AA80-FBB6895C39C6}.Debug|Any CPU.Build.0 = Debug|Any CPU
		{595DE836-4CBD-4B20-AA80-FBB6895C39C6}.Release|Any CPU.ActiveCfg = Release|Any CPU
		{595DE836-4CBD-4B20-AA80-FBB6895C39C6}.Release|Any CPU.Build.0 = Release|Any CPU
	EndGlobalSection
	GlobalSection(SolutionProperties) = preSolution
		HideSolutionNode = FALSE
	EndGlobalSection
	GlobalSection(ExtensibilityGlobals) = postSolution
		SolutionGuid = {59C0BACB-DA3A-4055-B02B-31198D7C8D2D}
	EndGlobalSection
EndGlobal
